<?xml version="1.0" encoding="utf-8"?>
<Project ToolsVersion="4.0" xmlns="http://schemas.microsoft.com/developer/msbuild/2003">
  <ItemGroup>
    <Filter Include="Source Files">
      <UniqueIdentifier>{4FC737F1-C7A5-4376-A066-2A32D752A2FF}</UniqueIdentifier>
      <Extensions>cpp;c;cc;cxx;c++;cppm;ixx;def;odl;idl;hpj;bat;asm;asmx</Extensions>
    </Filter>
    <Filter Include="Header Files">
      <UniqueIdentifier>{93995380-89BD-4b04-88EB-625FBE52EBFB}</UniqueIdentifier>
      <Extensions>h;hh;hpp;hxx;h++;hm;inl;inc;ipp;xsd</Extensions>
    </Filter>
    <Filter Include="Resource Files">
      <UniqueIdentifier>{67DA6AB6-F800-4c08-8B7A-83BB121AAD01}</UniqueIdentifier>
      <Extensions>rc;ico;cur;bmp;dlg;rc2;rct;bin;rgs;gif;jpg;jpeg;jpe;resx;tiff;tif;png;wav;mfcribbon-ms</Extensions>
    </Filter>
  </ItemGroup>
  <ItemGroup>
    <ClCompile Include="Source\Main.cpp">
      <Filter>Source Files</Filter>
    </ClCompile>
    <ClCompile Include="Source\Renderer\GLImpl\RendererGL.cpp">
      <Filter>Source Files</Filter>
    </ClCompile>
    <ClCompile Include="Source\Font.cpp">
      <Filter>Source Files</Filter>
    </ClCompile>
    <ClCompile Include="Source\Image.cpp">
      <Filter>Source Files</Filter>
    </ClCompile>
    <ClCompile Include="Source\Renderer\GLImpl\Shader.cpp">
      <Filter>Source Files</Filter>
    </ClCompile>
    <ClCompile Include="Source\Renderer\GLImpl\GPUTextureGL.cpp">
      <Filter>Source Files</Filter>
    </ClCompile>
    <ClCompile Include="Source\UI\EventHandler.cpp">
      <Filter>Source Files</Filter>
    </ClCompile>
    <ClCompile Include="Source\Vendor\tinyfiledialogs.c">
      <Filter>Source Files</Filter>
    </ClCompile>
    <ClCompile Include="Source\UI\FontManager.cpp">
      <Filter>Source Files</Filter>
    </ClCompile>
    <ClCompile Include="Source\Workspace.cpp">
      <Filter>Source Files</Filter>
    </ClCompile>
    <ClCompile Include="Source\FileViewers\PlainTextViewer.cpp">
      <Filter>Source Files</Filter>
    </ClCompile>
    <ClCompile Include="Source\UI\Formatter.cpp">
      <Filter>Source Files</Filter>
    </ClCompile>
    <ClCompile Include="Source\Painter\Painter.cpp">
      <Filter>Source Files</Filter>
    </ClCompile>
    <ClCompile Include="Source\UI\ContextMenu.cpp">
      <Filter>Source Files</Filter>
    </ClCompile>
    <ClCompile Include="Source\UI\Panel.cpp">
      <Filter>Source Files</Filter>
    </ClCompile>
    <ClCompile Include="Source\UI\Text.cpp">
      <Filter>Source Files</Filter>
    </ClCompile>
    <ClCompile Include="Source\UI\List.cpp">
      <Filter>Source Files</Filter>
    </ClCompile>
    <ClCompile Include="Source\FileViewers\MarkdownViewer.cpp">
      <Filter>Source Files</Filter>
    </ClCompile>
    <ClCompile Include="Source\FileViewers\FileViewer.cpp">
      <Filter>Source Files</Filter>
    </ClCompile>
    <ClCompile Include="Source\UserPrefs.cpp">
      <Filter>Source Files</Filter>
    </ClCompile>
    <ClCompile Include="Source\Window.cpp">
      <Filter>Source Files</Filter>
    </ClCompile>
    <ClCompile Include="Source\UI\ButtonList.cpp">
      <Filter>Source Files</Filter>
    </ClCompile>
  </ItemGroup>
  <ItemGroup>
    <ClInclude Include="Source\Theme.h">
      <Filter>Header Files</Filter>
    </ClInclude>
    <ClInclude Include="Source\Renderer\Renderer.h">
      <Filter>Header Files</Filter>
    </ClInclude>
    <ClInclude Include="Source\Renderer\GLImpl\RendererGL.h">
      <Filter>Header Files</Filter>
    </ClInclude>
    <ClInclude Include="Source\Colour.h">
      <Filter>Header Files</Filter>
    </ClInclude>
    <ClInclude Include="Source\Font.h">
      <Filter>Header Files</Filter>
    </ClInclude>
    <ClInclude Include="Source\Image.h">
      <Filter>Header Files</Filter>
    </ClInclude>
    <ClInclude Include="Source\Maths\Vector2.h">
      <Filter>Header Files</Filter>
    </ClInclude>
    <ClInclude Include="Source\Renderer\GLImpl\Shader.h">
      <Filter>Header Files</Filter>
    </ClInclude>
    <ClInclude Include="Source\Maths\Vector3.h">
      <Filter>Header Files</Filter>
    </ClInclude>
    <ClInclude Include="Source\Maths\Vector4.h">
      <Filter>Header Files</Filter>
    </ClInclude>
    <ClInclude Include="Source\Maths\Matrix.h">
      <Filter>Header Files</Filter>
    </ClInclude>
    <ClInclude Include="Source\Renderer\GPUTexture.h">
      <Filter>Header Files</Filter>
    </ClInclude>
    <ClInclude Include="Source\Renderer\GLImpl\GPUTextureGL.h">
      <Filter>Header Files</Filter>
    </ClInclude>
    <ClInclude Include="Source\Platform.h">
      <Filter>Header Files</Filter>
    </ClInclude>
    <ClInclude Include="Source\UI\Panel.h">
      <Filter>Header Files</Filter>
    </ClInclude>
    <ClInclude Include="Source\UI\Widget.h">
      <Filter>Header Files</Filter>
    </ClInclude>
    <ClInclude Include="Source\UI\Utility.h">
      <Filter>Header Files</Filter>
    </ClInclude>
    <ClInclude Include="Source\UI\Button.h">
      <Filter>Header Files</Filter>
    </ClInclude>
    <ClInclude Include="Source\Maths\Rect.h">
      <Filter>Header Files</Filter>
    </ClInclude>
    <ClInclude Include="Source\UI\EventHandler.h">
      <Filter>Header Files</Filter>
    </ClInclude>
    <ClInclude Include="Source\Vendor\tinyfiledialogs.h">
      <Filter>Header Files</Filter>
    </ClInclude>
    <ClInclude Include="Source\UI\Text.h">
      <Filter>Header Files</Filter>
    </ClInclude>
    <ClInclude Include="Source\UI\FontManager.h">
      <Filter>Header Files</Filter>
    </ClInclude>
    <ClInclude Include="Source\UI\Dividor.h">
      <Filter>Header Files</Filter>
    </ClInclude>
    <ClInclude Include="Source\UI\DropDown.h">
      <Filter>Header Files</Filter>
    </ClInclude>
    <ClInclude Include="Source\Workspace.h">
      <Filter>Header Files</Filter>
    </ClInclude>
    <ClInclude Include="Source\FileViewers\FileViewer.h">
      <Filter>Header Files</Filter>
    </ClInclude>
    <ClInclude Include="Source\FileViewers\PlainTextViewer.h">
      <Filter>Header Files</Filter>
    </ClInclude>
    <ClInclude Include="Source\WorkspaceUI.h">
      <Filter>Header Files</Filter>
    </ClInclude>
    <ClInclude Include="Source\UI\List.h">
      <Filter>Header Files</Filter>
    </ClInclude>
    <ClInclude Include="Source\OS.h">
      <Filter>Header Files</Filter>
    </ClInclude>
    <ClInclude Include="Source\UserPrefs.h">
      <Filter>Header Files</Filter>
    </ClInclude>
    <ClInclude Include="Source\UI\TextBox.h">
      <Filter>Header Files</Filter>
    </ClInclude>
    <ClInclude Include="Source\ModalPopup.h">
      <Filter>Header Files</Filter>
    </ClInclude>
    <ClInclude Include="Source\ThreadManager.h">
      <Filter>Header Files</Filter>
    </ClInclude>
    <ClInclude Include="Source\History.h">
      <Filter>Header Files</Filter>
    </ClInclude>
    <ClInclude Include="Source\TextEdit.h">
      <Filter>Header Files</Filter>
    </ClInclude>
    <ClInclude Include="Source\UI\Formatter.h">
      <Filter>Header Files</Filter>
    </ClInclude>
    <ClInclude Include="Source\Painter\Painter.h">
      <Filter>Header Files</Filter>
    </ClInclude>
    <ClInclude Include="Source\Painter\Brush.h">
      <Filter>Header Files</Filter>
    </ClInclude>
    <ClInclude Include="Source\UI\ContextMenu.h">
      <Filter>Header Files</Filter>
    </ClInclude>
    <ClInclude Include="Source\FileViewers\MarkdownViewer.h">
      <Filter>Header Files</Filter>
    </ClInclude>
    <ClInclude Include="Source\UI\GeometryUtil.h">
      <Filter>Header Files</Filter>
    </ClInclude>
    <ClInclude Include="Source\Maths\GenericMaths.h">
      <Filter>Header Files</Filter>
    </ClInclude>
    <ClInclude Include="Source\ProfileUtil.h">
      <Filter>Header Files</Filter>
    </ClInclude>
    <ClInclude Include="Source\Window.h">
      <Filter>Header Files</Filter>
    </ClInclude>
    <ClInclude Include="Source\UI\ButtonList.h">
      <Filter>Header Files</Filter>
    </ClInclude>
    <ClInclude Include="Source\UI\IconManager.h">
      <Filter>Header Files</Filter>
    </ClInclude>
    <ClInclude Include="Source\Allocator\LinearAllocator.h">
      <Filter>Header Files</Filter>
    </ClInclude>
  </ItemGroup>
  <ItemGroup>
    <None Include="Themes\dark.json" />
    <None Include="Themes\cpp.json" />
    <None Include="Themes\light.json" />
  </ItemGroup>
  <ItemGroup>
    <Text Include="Themes\rich-dark.json" />
  </ItemGroup>
</Project>