
Microsoft Visual Studio Solution File, Format Version 12.00
# Visual Studio Version 17
VisualStudioVersion = 17.7.34003.232
MinimumVisualStudioVersion = 10.0.40219.1
Project("{8BC9CEB8-8B4A-11D0-8D11-00A0C91BC942}") = "NoteTool", "NoteTool\NoteTool.vcxproj", "{36630C4F-15C3-4980-A693-AF325D8CDDE7}"
EndProject
Project("{2150E333-8FDC-42A3-9474-1A3956D46DE8}") = "Solution Items", "Solution Items", "{E3560F56-131D-45E2-BAB4-3F04EDEB1F5F}"
	ProjectSection(SolutionItems) = preProject
		README.md = README.md
	EndProjectSection
EndProject
Global
	GlobalSection(SolutionConfigurationPlatforms) = preSolution
		Debug|x64 = Debug|x64
		Debug|x86 = Debug|x86
		Release|x64 = Release|x64
		Release|x86 = Release|x86
	EndGlobalSection
	GlobalSection(ProjectConfigurationPlatforms) = postSolution
		{36630C4F-15C3-4980-A693-AF325D8CDDE7}.Debug|x64.ActiveCfg = Debug|x64
		{36630C4F-15C3-4980-A693-AF325D8CDDE7}.Debug|x64.Build.0 = Debug|x64
		{36630C4F-15C3-4980-A693-AF325D8CDDE7}.Debug|x86.ActiveCfg = Debug|Win32
		{36630C4F-15C3-4980-A693-AF325D8CDDE7}.Debug|x86.Build.0 = Debug|Win32
		{36630C4F-15C3-4980-A693-AF325D8CDDE7}.Release|x64.ActiveCfg = Release|x64
		{36630C4F-15C3-4980-A693-AF325D8CDDE7}.Release|x64.Build.0 = Release|x64
		{36630C4F-15C3-4980-A693-AF325D8CDDE7}.Release|x86.ActiveCfg = Release|Win32
		{36630C4F-15C3-4980-A693-AF325D8CDDE7}.Release|x86.Build.0 = Release|Win32
	EndGlobalSection
	GlobalSection(SolutionProperties) = preSolution
		HideSolutionNode = FALSE
	EndGlobalSection
	GlobalSection(ExtensibilityGlobals) = postSolution
		SolutionGuid = {76640A23-A638-4F66-96F8-FF1F6EDD1A92}
	EndGlobalSection
EndGlobal
